
Microsoft Visual Studio Solution File, Format Version 12.00
# Visual Studio Version 17
VisualStudioVersion = 17.3.32901.215
MinimumVisualStudioVersion = 10.0.40219.1
Project("{FAE04EC0-301F-11D3-BF4B-00C04F79EFBC}") = "url-shortener", "url-shortener\url-shortener.csproj", "{5C2DE49E-1234-44DE-8EBE-39DF6304EF90}"
EndProject
Global
	GlobalSection(SolutionConfigurationPlatforms) = preSolution
		Debug|Any CPU = Debug|Any CPU
		Release|Any CPU = Release|Any CPU
	EndGlobalSection
	GlobalSection(ProjectConfigurationPlatforms) = postSolution
		{5C2DE49E-1234-44DE-8EBE-39DF6304EF90}.Debug|Any CPU.ActiveCfg = Debug|Any CPU
		{5C2DE49E-1234-44DE-8EBE-39DF6304EF90}.Debug|Any CPU.Build.0 = Debug|Any CPU
		{5C2DE49E-1234-44DE-8EBE-39DF6304EF90}.Release|Any CPU.ActiveCfg = Release|Any CPU
		{5C2DE49E-1234-44DE-8EBE-39DF6304EF90}.Release|Any CPU.Build.0 = Release|Any CPU
	EndGlobalSection
	GlobalSection(SolutionProperties) = preSolution
		HideSolutionNode = FALSE
	EndGlobalSection
	GlobalSection(ExtensibilityGlobals) = postSolution
		SolutionGuid = {93E9B221-A167-436C-965C-65B94EA63D51}
	EndGlobalSection
EndGlobal
